
Microsoft Visual Studio Solution File, Format Version 12.00
# Visual Studio Version 17
VisualStudioVersion = 17.4.33213.308
MinimumVisualStudioVersion = 10.0.40219.1
Project("{9A19103F-16F7-4668-BE54-9A1E7A4F7556}") = "touhou_launcher", "touhou_launcher\touhou_launcher.csproj", "{F3A98EC2-FC17-4B99-99B0-DB11AC8B41FE}"
EndProject
Global
	GlobalSection(SolutionConfigurationPlatforms) = preSolution
		Debug|Any CPU = Debug|Any CPU
		Release|Any CPU = Release|Any CPU
	EndGlobalSection
	GlobalSection(ProjectConfigurationPlatforms) = postSolution
		{F3A98EC2-FC17-4B99-99B0-DB11AC8B41FE}.Debug|Any CPU.ActiveCfg = Debug|Any CPU
		{F3A98EC2-FC17-4B99-99B0-DB11AC8B41FE}.Debug|Any CPU.Build.0 = Debug|Any CPU
		{F3A98EC2-FC17-4B99-99B0-DB11AC8B41FE}.Release|Any CPU.ActiveCfg = Release|Any CPU
		{F3A98EC2-FC17-4B99-99B0-DB11AC8B41FE}.Release|Any CPU.Build.0 = Release|Any CPU
	EndGlobalSection
	GlobalSection(SolutionProperties) = preSolution
		HideSolutionNode = FALSE
	EndGlobalSection
	GlobalSection(ExtensibilityGlobals) = postSolution
		SolutionGuid = {0CE4A7C5-C8C5-4233-8206-07E5914B479F}
	EndGlobalSection
EndGlobal
